
Microsoft Visual Studio Solution File, Format Version 12.00
# Visual Studio Version 16
VisualStudioVersion = 16.0.29418.71
MinimumVisualStudioVersion = 10.0.40219.1
Project("{FAE04EC0-301F-11D3-BF4B-00C04F79EFBC}") = "Web", "Web.csproj", "{A262D0B4-E5EA-482B-A3E9-DC04B608B812}"
EndProject
Project("{9A19103F-16F7-4668-BE54-9A1E7A4F7556}") = "Logger", "..\Logger\Logger.csproj", "{45DAE79E-C44A-4E53-93D4-C41B1639996C}"
EndProject
Global
	GlobalSection(SolutionConfigurationPlatforms) = preSolution
		Debug|Any CPU = Debug|Any CPU
		Release|Any CPU = Release|Any CPU
	EndGlobalSection
	GlobalSection(ProjectConfigurationPlatforms) = postSolution
		{A262D0B4-E5EA-482B-A3E9-DC04B608B812}.Debug|Any CPU.ActiveCfg = Debug|Any CPU
		{A262D0B4-E5EA-482B-A3E9-DC04B608B812}.Debug|Any CPU.Build.0 = Debug|Any CPU
		{A262D0B4-E5EA-482B-A3E9-DC04B608B812}.Release|Any CPU.ActiveCfg = Release|Any CPU
		{A262D0B4-E5EA-482B-A3E9-DC04B608B812}.Release|Any CPU.Build.0 = Release|Any CPU
		{45DAE79E-C44A-4E53-93D4-C41B1639996C}.Debug|Any CPU.ActiveCfg = Debug|Any CPU
		{45DAE79E-C44A-4E53-93D4-C41B1639996C}.Debug|Any CPU.Build.0 = Debug|Any CPU
		{45DAE79E-C44A-4E53-93D4-C41B1639996C}.Release|Any CPU.ActiveCfg = Release|Any CPU
		{45DAE79E-C44A-4E53-93D4-C41B1639996C}.Release|Any CPU.Build.0 = Release|Any CPU
	EndGlobalSection
	GlobalSection(SolutionProperties) = preSolution
		HideSolutionNode = FALSE
	EndGlobalSection
	GlobalSection(ExtensibilityGlobals) = postSolution
		SolutionGuid = {62F6BA0A-06D2-4594-AFAA-495F3A75F073}
	EndGlobalSection
EndGlobal
